
Microsoft Visual Studio Solution File, Format Version 12.00
# Visual Studio Version 17
VisualStudioVersion = 17.11.35327.3
MinimumVisualStudioVersion = 10.0.40219.1
Project("{FAE04EC0-301F-11D3-BF4B-00C04F79EFBC}") = "btb5.1", "btb5.1\btb5.1.csproj", "{2AB4953C-59D9-4193-BE43-750CCE68FC73}"
EndProject
Global
	GlobalSection(SolutionConfigurationPlatforms) = preSolution
		Debug|Any CPU = Debug|Any CPU
		Release|Any CPU = Release|Any CPU
	EndGlobalSection
	GlobalSection(ProjectConfigurationPlatforms) = postSolution
		{2AB4953C-59D9-4193-BE43-750CCE68FC73}.Debug|Any CPU.ActiveCfg = Debug|Any CPU
		{2AB4953C-59D9-4193-BE43-750CCE68FC73}.Debug|Any CPU.Build.0 = Debug|Any CPU
		{2AB4953C-59D9-4193-BE43-750CCE68FC73}.Release|Any CPU.ActiveCfg = Release|Any CPU
		{2AB4953C-59D9-4193-BE43-750CCE68FC73}.Release|Any CPU.Build.0 = Release|Any CPU
	EndGlobalSection
	GlobalSection(SolutionProperties) = preSolution
		HideSolutionNode = FALSE
	EndGlobalSection
	GlobalSection(ExtensibilityGlobals) = postSolution
		SolutionGuid = {B426E917-E1EA-4789-911D-A37096549AE5}
	EndGlobalSection
EndGlobal
